cloud.google.com/go v0.26.0/go.mod h1:aQUYkXzVsufM+DwF1aE+0xfcU+56JwCaLick0ClmMTw=
github.com/BurntSushi/toml v0.3.1/go.mod h1:xHWCNGjB5oqiDr8zfno3MHue2Ht5sIBksp03qcyfWMU=
github.com/cespare/xxhash/v2 v2.2.0 h1:DC2CZ1Ep5Y4k3ZQ899DldepgrayRUGE6BBZ/cd9Cj44=
github.com/cespare/xxhash/v2 v2.2.0/go.mod h1:VGX0DQ3Q6kWi7AoAeZDth3/j3BFtOZR5XLFGgcrjCOs=
github.com/chenzhuoyu/base64x v0.0.0-20230717121745-296ad89f973d h1:77cEq6EriyTZ0g/qfRdp61a3Uu/AWrgIq2s0ClJVoTg=
github.com/dgryski/go-rendezvous v0.0.0-20200823014737-9f7001d12a5f h1:lO4WD4F/rVNCu3HqELle0jiPLLBs70cMWdu8BQlJX3E=
github.com/dgryski/go-rendezvous v0.0.0-20200823014737-9f7001d12a5f/go.mod h1:cuUVRXasLTGF7a8hSLbxyZXjz+1KgoB3wDUb6vlszIc=
github.com/gabriel-vasile/mimetype v1.4.3 h1:in2uUcidCuFcDKtdcBxlR0rJ1+fsokWf+uqxgUFjbI0=
github.com/gin-contrib/sse v0.1.0 h1:Y/yl/+YNO8GZSjAhjMsSuLt29uWRFHdHYUb5lYOVfqE=
github.com/gin-gonic/gin v1.10.0 h1:nTuyha1TYqEdzyAtidDk/lS4FODQlB7e7e4Hg8kuR1k=
github.com/go-playground/validator/v10 v10.20.0 h1:K9ISHbSaI0lyB2eWMPJo+kOS/FBExVwjEviJLixbgXc=
github.com/goccy/go-json v0.10.2 h1:CrxCmQqYDkv1z7lO7Wbh2HN93uovUHgrECaO5ZrCXAU=
github.com/golang-jwt/jwt/v5 v5.2.1 h1:OuV0ytIL5C2W3k7d9LQ8C3C2b4JFu5+Z/ll8Scr2heU=
github.com/golang/glog v0.0.0-20160126235308-23def4e6c14b/go.mod h1:SBH7ygxi8pfUlaOkMMuAQtPIUF8ecWP5IEl/CR7VP2Q=
github.com/golang/mock v1.1.1/go.mod h1:oTYuIxOrZwtPieC+H1uAHpcLFnEyAGVDL/k47Jfbm0A=
github.com/golang/protobuf v1.3.1/go.mod h1:6lQm79b+lXiMfvg/cZm0SGofjICqVBUobPrmyH+7Uo=
github.com/google/uuid v1.6.0 h1:NIvaJDMOsjHA8n1jAhLSgzrAzy1Hgr+hNrb57e+94F0=
github.com/gorilla/websocket v1.5.3 h1:saDtZ6Pbx/0u+bgYQ3q96pZgCzfhKXGPqt7kZKT3nJo=
github.com/jackc/pgx/v5 v5.6.0 h1:SWJzPyDgqBZ4l3Wj1OUUob5Y+qh4Bv1Q1r+c7RUEZRo=
github.com/json-iterator/go v1.1.12 h1:PV8peI4a0ysnczrg+LtxykD8LfKY9ML6u2jnxaEnrnM=
github.com/klauspost/compress v1.17.9 h1:6KIkPr4vR3JpOCtsI8e3UcQ3ScbB9LzP+6cL7C2JTrE=
github.com/klauspost/cpuid/v2 v2.2.7 h1:ZWSB3igEsx0byD8Lv4z1I8J4o3Sm5EZK5mC3Ae2c5M=
github.com/leodido/go-urn v1.4.0 h1:WT9HwE9SGECu3lg4d/dIA+jxlljEa1/ffXKmRjqdmIQ=
github.com/mattn/go-isatty v0.0.20 h1:xfD0iDuEKnDkl03q4limB+vH+GxLEtL/jb4xVJSWWEY=
github.com/modern-go/concurrent v0.0.0-20180228061459-e0a39a4cb421 h1:ZqeYNhU3OHFN3qJK+Py5QKfR8Qw8o4z3U2E1kQ4sMY=
github.com/modern-go/reflect2 v1.0.2 h1:xBagoLtFs94CBntxluKeaWgTMpvLxC4ur3nMaC9Gz0M=
github.com/pelletier/go-toml/v2 v2.2.2 h1:aYUidT7k73Pcl9nb2gScuTNSrwEnR1FgVqRZOG0H+RM=
github.com/pierrec/lz4/v4 v4.1.21 h1:yfMLl1d/tRnYw7MQYHBSBQsMq7DrKANgYFhT8FR0uCk=
github.com/redis/go-redis/v9 v9.6.1 h1:HHDteefn6ZkTtY5fGUE8tj8I85VVk2MZkFgX8r0tcLg=
github.com/segmentio/kafka-go v0.4.47 h1:IqziR4pA3vrZq7YdR822l9ePaCk1uky2+U+p1H3uNnQ=
github.com/sendgrid/sendgrid-go v3.14.0+incompatible h1:K3k1N0etH87L3Ql9RPiP+a0UB4e1LQAcsU6Pq+YB8ao=
github.com/stretchr/objx v0.5.2/go.mod h1:FRsXN1f5AsAjCGJKqEizvkpNtU+EGNCLh3NxZ/8L+MA=
github.com/stretchr/testify v1.8.4 h1:CcVxjf3Q8PM0mHUKJCdn+eZZtm5yQwehR5yeSVQQcUk=
github.com/twilio/twilio-go v1.22.3 h1:HSS7GDG2d/u3BYRYs8q3MWUJwVqyKT4WAsw2U1flJDU=
github.com/ugorji/go/codec v1.2.12 h1:9LC83zGrHhuUA9l16C9AHXAqEV/2wBQ4nkv1AEf0H6I=
golang.org/x/arch v0.8.0 h1:3wRIsP3pM4yUptoR96otTUO6u9jc2RgKf1h4CL+8G3U=
golang.org/x/crypto v0.26.0 h1:RrRspgV4mU+YwB4FYnuBoKsUapNIL5cohGAmSH3azsw=
golang.org/x/net v0.28.0 h1:a9JDOJc5GMUJ0+UDqmLT86WiEy7iWyIhz8gz8E4e5hE=
golang.org/x/sync v0.8.0 h1:3NFvSEYkUoMifnESzZl15y791HH1qU2xm6eCJU5ZPXQ=
golang.org/x/sys v0.26.0 h1:KHjCJyddX0DFST4E6MxI7R7sQ0h4PcdiQnjJcNFGxLg=
golang.org/x/text v0.17.0 h1:XtiM5bkSOt+EWxlOE8EfwIeC5L8L8P9YhxkGgHiSTUY=
google.golang.org/protobuf v1.34.1 h1:9ddQBjfCyZPOHPUiP2hSaHJG2gQ2u0e4e4Y4U8F8C/Y=
gopkg.in/yaml.v3 v3.0.1 h1:fxVm/GzAzEWqLHuvctI91KS9hhNmmWOoWu0XTYJEiiQ=
